{
  "requires": true,
  "lockfileVersion": 1,
  "dependencies": {
    "agent-web-shim": {
      "version": "0.1.0",
      "resolved": "https://registry.npmjs.org/agent-web-shim/-/agent-web-shim-0.1.0.tgz",
      "integrity": "sha512-OAwMmAdMwfP6DzWRcK4n2pa6aLJuPLJ7Fp0CCHEuPf4DR11IRF0HASh76hXaVi0oW14FshyP+6WOFKfrtnWrfA=="
    }
  }
}
